
Microsoft Visual Studio Solution File, Format Version 12.00
# Visual Studio Version 16
VisualStudioVersion = 16.0.31702.278
MinimumVisualStudioVersion = 10.0.40219.1
Project("{FAE04EC0-301F-11D3-BF4B-00C04F79EFBC}") = "BlockbusterMovieLab", "BlockbusterMovieLab\BlockbusterMovieLab.csproj", "{CEC9C8CF-0996-4E3C-B81B-2CA8861B168B}"
EndProject
Global
	GlobalSection(SolutionConfigurationPlatforms) = preSolution
		Debug|Any CPU = Debug|Any CPU
		Release|Any CPU = Release|Any CPU
	EndGlobalSection
	GlobalSection(ProjectConfigurationPlatforms) = postSolution
		{CEC9C8CF-0996-4E3C-B81B-2CA8861B168B}.Debug|Any CPU.ActiveCfg = Debug|Any CPU
		{CEC9C8CF-0996-4E3C-B81B-2CA8861B168B}.Debug|Any CPU.Build.0 = Debug|Any CPU
		{CEC9C8CF-0996-4E3C-B81B-2CA8861B168B}.Release|Any CPU.ActiveCfg = Release|Any CPU
		{CEC9C8CF-0996-4E3C-B81B-2CA8861B168B}.Release|Any CPU.Build.0 = Release|Any CPU
	EndGlobalSection
	GlobalSection(SolutionProperties) = preSolution
		HideSolutionNode = FALSE
	EndGlobalSection
	GlobalSection(ExtensibilityGlobals) = postSolution
		SolutionGuid = {DF17B25C-DAD0-4F0C-AB78-283D9E92E88B}
	EndGlobalSection
EndGlobal
